
Microsoft Visual Studio Solution File, Format Version 12.00
# Visual Studio Version 16
VisualStudioVersion = 16.0.29521.150
MinimumVisualStudioVersion = 10.0.40219.1
Project("{FAE04EC0-301F-11D3-BF4B-00C04F79EFBC}") = "MachineIntelligence-NaiveBayes-Blazor.Server", "MachineIntelligence-NaiveBayes-Blazor\Server\MachineIntelligence-NaiveBayes-Blazor.Server.csproj", "{3634FF3D-8BA3-41F0-8D8C-9F3E0AC7A810}"
EndProject
Project("{FAE04EC0-301F-11D3-BF4B-00C04F79EFBC}") = "MachineIntelligence-NaiveBayes-Blazor.Client", "MachineIntelligence-NaiveBayes-Blazor\Client\MachineIntelligence-NaiveBayes-Blazor.Client.csproj", "{DCD22642-0580-4B5D-A8EB-F82C3F139D26}"
EndProject
Project("{FAE04EC0-301F-11D3-BF4B-00C04F79EFBC}") = "MachineIntelligence-NaiveBayes-Blazor.Shared", "MachineIntelligence-NaiveBayes-Blazor\Shared\MachineIntelligence-NaiveBayes-Blazor.Shared.csproj", "{931D1AA0-D5A9-4559-9EEB-C5926A597653}"
EndProject
Global
	GlobalSection(SolutionConfigurationPlatforms) = preSolution
		Debug|Any CPU = Debug|Any CPU
		Release|Any CPU = Release|Any CPU
	EndGlobalSection
	GlobalSection(ProjectConfigurationPlatforms) = postSolution
		{3634FF3D-8BA3-41F0-8D8C-9F3E0AC7A810}.Debug|Any CPU.ActiveCfg = Debug|Any CPU
		{3634FF3D-8BA3-41F0-8D8C-9F3E0AC7A810}.Debug|Any CPU.Build.0 = Debug|Any CPU
		{3634FF3D-8BA3-41F0-8D8C-9F3E0AC7A810}.Release|Any CPU.ActiveCfg = Release|Any CPU
		{3634FF3D-8BA3-41F0-8D8C-9F3E0AC7A810}.Release|Any CPU.Build.0 = Release|Any CPU
		{DCD22642-0580-4B5D-A8EB-F82C3F139D26}.Debug|Any CPU.ActiveCfg = Debug|Any CPU
		{DCD22642-0580-4B5D-A8EB-F82C3F139D26}.Debug|Any CPU.Build.0 = Debug|Any CPU
		{DCD22642-0580-4B5D-A8EB-F82C3F139D26}.Release|Any CPU.ActiveCfg = Release|Any CPU
		{DCD22642-0580-4B5D-A8EB-F82C3F139D26}.Release|Any CPU.Build.0 = Release|Any CPU
		{931D1AA0-D5A9-4559-9EEB-C5926A597653}.Debug|Any CPU.ActiveCfg = Debug|Any CPU
		{931D1AA0-D5A9-4559-9EEB-C5926A597653}.Debug|Any CPU.Build.0 = Debug|Any CPU
		{931D1AA0-D5A9-4559-9EEB-C5926A597653}.Release|Any CPU.ActiveCfg = Release|Any CPU
		{931D1AA0-D5A9-4559-9EEB-C5926A597653}.Release|Any CPU.Build.0 = Release|Any CPU
	EndGlobalSection
	GlobalSection(SolutionProperties) = preSolution
		HideSolutionNode = FALSE
	EndGlobalSection
	GlobalSection(ExtensibilityGlobals) = postSolution
		SolutionGuid = {52CFED90-674E-46BE-A03D-B57FE2098A00}
	EndGlobalSection
EndGlobal
